
Microsoft Visual Studio Solution File, Format Version 12.00
# Visual Studio Version 17
VisualStudioVersion = 17.6.33723.286
MinimumVisualStudioVersion = 10.0.40219.1
Project("{9A19103F-16F7-4668-BE54-9A1E7A4F7556}") = "MotoBikeDealer", "MotoBikeDealer\MotoBikeDealer.csproj", "{A556AF42-0661-4671-B610-BE56D0CEA942}"
EndProject
Project("{FAE04EC0-301F-11D3-BF4B-00C04F79EFBC}") = "DataAccessLayer", "DataAccessLayer\DataAccessLayer.csproj", "{A005E863-8E92-4FB2-B791-F74EBCC55C51}"
EndProject
Project("{FAE04EC0-301F-11D3-BF4B-00C04F79EFBC}") = "BusinessLogicLayer", "BusinessLogicLayer\BusinessLogicLayer.csproj", "{FB3B91E3-F3A5-4D64-A0A3-050217611A2E}"
EndProject
Global
	GlobalSection(SolutionConfigurationPlatforms) = preSolution
		Debug|Any CPU = Debug|Any CPU
		Release|Any CPU = Release|Any CPU
	EndGlobalSection
	GlobalSection(ProjectConfigurationPlatforms) = postSolution
		{A556AF42-0661-4671-B610-BE56D0CEA942}.Debug|Any CPU.ActiveCfg = Debug|Any CPU
		{A556AF42-0661-4671-B610-BE56D0CEA942}.Debug|Any CPU.Build.0 = Debug|Any CPU
		{A556AF42-0661-4671-B610-BE56D0CEA942}.Release|Any CPU.ActiveCfg = Release|Any CPU
		{A556AF42-0661-4671-B610-BE56D0CEA942}.Release|Any CPU.Build.0 = Release|Any CPU
		{A005E863-8E92-4FB2-B791-F74EBCC55C51}.Debug|Any CPU.ActiveCfg = Debug|Any CPU
		{A005E863-8E92-4FB2-B791-F74EBCC55C51}.Debug|Any CPU.Build.0 = Debug|Any CPU
		{A005E863-8E92-4FB2-B791-F74EBCC55C51}.Release|Any CPU.ActiveCfg = Release|Any CPU
		{A005E863-8E92-4FB2-B791-F74EBCC55C51}.Release|Any CPU.Build.0 = Release|Any CPU
		{FB3B91E3-F3A5-4D64-A0A3-050217611A2E}.Debug|Any CPU.ActiveCfg = Debug|Any CPU
		{FB3B91E3-F3A5-4D64-A0A3-050217611A2E}.Debug|Any CPU.Build.0 = Debug|Any CPU
		{FB3B91E3-F3A5-4D64-A0A3-050217611A2E}.Release|Any CPU.ActiveCfg = Release|Any CPU
		{FB3B91E3-F3A5-4D64-A0A3-050217611A2E}.Release|Any CPU.Build.0 = Release|Any CPU
	EndGlobalSection
	GlobalSection(SolutionProperties) = preSolution
		HideSolutionNode = FALSE
	EndGlobalSection
	GlobalSection(ExtensibilityGlobals) = postSolution
		SolutionGuid = {375C05C2-BBEF-49E4-85B0-1B81269ED7FC}
	EndGlobalSection
EndGlobal
